
Microsoft Visual Studio Solution File, Format Version 12.00
# Visual Studio 14
VisualStudioVersion = 14.0.25420.1
MinimumVisualStudioVersion = 10.0.40219.1
Project("{FAE04EC0-301F-11D3-BF4B-00C04F79EFBC}") = "Tools.Logging", "Common\Tools.Logging.csproj", "{146E2006-289D-4483-9927-74E8522AA1DF}"
EndProject
Project("{FAE04EC0-301F-11D3-BF4B-00C04F79EFBC}") = "Domain", "Domain\Domain.csproj", "{017E2657-9853-4ABD-A19C-1B20F9847A65}"
EndProject
Project("{FAE04EC0-301F-11D3-BF4B-00C04F79EFBC}") = "Data", "Data\Data.csproj", "{FE916233-7CCF-4B39-9D11-260206AC1DC2}"
EndProject
Project("{FAE04EC0-301F-11D3-BF4B-00C04F79EFBC}") = "Data.NHibernate", "Data.NHibernate\Data.NHibernate.csproj", "{30623B22-2BCE-445B-BE9E-B2524DDA4E25}"
EndProject
Project("{FAE04EC0-301F-11D3-BF4B-00C04F79EFBC}") = "Example", "Example\Example.csproj", "{72CABC76-CF48-42AC-BE36-A201142982CD}"
EndProject
Project("{FAE04EC0-301F-11D3-BF4B-00C04F79EFBC}") = "Mapping", "Mapping\Mapping.csproj", "{4E094C35-A465-4C2A-ABBD-AC4BD2D4CF72}"
EndProject
Global
	GlobalSection(SolutionConfigurationPlatforms) = preSolution
		Debug|Any CPU = Debug|Any CPU
		Release|Any CPU = Release|Any CPU
	EndGlobalSection
	GlobalSection(ProjectConfigurationPlatforms) = postSolution
		{146E2006-289D-4483-9927-74E8522AA1DF}.Debug|Any CPU.ActiveCfg = Debug|Any CPU
		{146E2006-289D-4483-9927-74E8522AA1DF}.Debug|Any CPU.Build.0 = Debug|Any CPU
		{146E2006-289D-4483-9927-74E8522AA1DF}.Release|Any CPU.ActiveCfg = Release|Any CPU
		{146E2006-289D-4483-9927-74E8522AA1DF}.Release|Any CPU.Build.0 = Release|Any CPU
		{017E2657-9853-4ABD-A19C-1B20F9847A65}.Debug|Any CPU.ActiveCfg = Debug|Any CPU
		{017E2657-9853-4ABD-A19C-1B20F9847A65}.Debug|Any CPU.Build.0 = Debug|Any CPU
		{017E2657-9853-4ABD-A19C-1B20F9847A65}.Release|Any CPU.ActiveCfg = Release|Any CPU
		{017E2657-9853-4ABD-A19C-1B20F9847A65}.Release|Any CPU.Build.0 = Release|Any CPU
		{FE916233-7CCF-4B39-9D11-260206AC1DC2}.Debug|Any CPU.ActiveCfg = Debug|Any CPU
		{FE916233-7CCF-4B39-9D11-260206AC1DC2}.Debug|Any CPU.Build.0 = Debug|Any CPU
		{FE916233-7CCF-4B39-9D11-260206AC1DC2}.Release|Any CPU.ActiveCfg = Release|Any CPU
		{FE916233-7CCF-4B39-9D11-260206AC1DC2}.Release|Any CPU.Build.0 = Release|Any CPU
		{30623B22-2BCE-445B-BE9E-B2524DDA4E25}.Debug|Any CPU.ActiveCfg = Debug|Any CPU
		{30623B22-2BCE-445B-BE9E-B2524DDA4E25}.Debug|Any CPU.Build.0 = Debug|Any CPU
		{30623B22-2BCE-445B-BE9E-B2524DDA4E25}.Release|Any CPU.ActiveCfg = Release|Any CPU
		{30623B22-2BCE-445B-BE9E-B2524DDA4E25}.Release|Any CPU.Build.0 = Release|Any CPU
		{72CABC76-CF48-42AC-BE36-A201142982CD}.Debug|Any CPU.ActiveCfg = Debug|Any CPU
		{72CABC76-CF48-42AC-BE36-A201142982CD}.Debug|Any CPU.Build.0 = Debug|Any CPU
		{72CABC76-CF48-42AC-BE36-A201142982CD}.Release|Any CPU.ActiveCfg = Release|Any CPU
		{72CABC76-CF48-42AC-BE36-A201142982CD}.Release|Any CPU.Build.0 = Release|Any CPU
		{4E094C35-A465-4C2A-ABBD-AC4BD2D4CF72}.Debug|Any CPU.ActiveCfg = Debug|Any CPU
		{4E094C35-A465-4C2A-ABBD-AC4BD2D4CF72}.Debug|Any CPU.Build.0 = Debug|Any CPU
		{4E094C35-A465-4C2A-ABBD-AC4BD2D4CF72}.Release|Any CPU.ActiveCfg = Release|Any CPU
		{4E094C35-A465-4C2A-ABBD-AC4BD2D4CF72}.Release|Any CPU.Build.0 = Release|Any CPU
	EndGlobalSection
	GlobalSection(SolutionProperties) = preSolution
		HideSolutionNode = FALSE
	EndGlobalSection
EndGlobal
